
Microsoft Visual Studio Solution File, Format Version 12.00
# Visual Studio Version 16
VisualStudioVersion = 16.0.32002.261
MinimumVisualStudioVersion = 10.0.40219.1
Project("{F184B08F-C81C-45F6-A57F-5ABD9991F28F}") = "payroll-management-app", "payroll-management-system\payroll-management-app.vbproj", "{AA21CE4A-FBDA-4826-9397-4310EF537632}"
EndProject
Project("{F184B08F-C81C-45F6-A57F-5ABD9991F28F}") = "payroll-module", "payroll-service\payroll-module.vbproj", "{A37580DD-B1E1-4502-8CE9-9507F6BB096F}"
EndProject
Project("{F184B08F-C81C-45F6-A57F-5ABD9991F28F}") = "alphalist-service", "alphalist-service\alphalist-service.vbproj", "{2989E38C-BE14-4333-94B2-1E8A8F239B27}"
EndProject
Project("{2150E333-8FDC-42A3-9474-1A3956D46DE8}") = "OLD Accounting Program", "OLD Accounting Program", "{CA640038-DCAE-4F49-ADCC-776F9C36E978}"
EndProject
Project("{F184B08F-C81C-45F6-A57F-5ABD9991F28F}") = "alpha-program2021", "..\..\Old Accounting Programs\alpha-program2021\alpha-program2021\alpha-program2021.vbproj", "{86475A1F-EC3C-483F-A2EF-4B47C37FE94B}"
EndProject
Project("{F184B08F-C81C-45F6-A57F-5ABD9991F28F}") = "PayrollCreditSegregation", "..\..\Old Accounting Programs\PayRegister\PayrollCreditSegregation.vbproj", "{54CF16AA-1273-4A14-9F02-BA2CA53D2153}"
EndProject
Project("{F184B08F-C81C-45F6-A57F-5ABD9991F28F}") = "hrms-api-service", "..\..\..\..\source\repos\hrms-api-service\hrms-api-service\hrms-api-service.vbproj", "{F3D16904-61B6-47BA-9F13-1885636D7712}"
EndProject
Project("{F184B08F-C81C-45F6-A57F-5ABD9991F28F}") = "monitoring-module", "..\accounting-monitoring\utility-service\monitoring-module.vbproj", "{2048200D-5C0B-4D76-B398-565C28D0A408}"
EndProject
Project("{F184B08F-C81C-45F6-A57F-5ABD9991F28F}") = "utility-service", "..\..\..\..\source\repos\ddc-utility-service\utility-service\utility-service.vbproj", "{D314D3F7-C0E4-4103-B768-E5B299CE14B7}"
EndProject
Project("{F184B08F-C81C-45F6-A57F-5ABD9991F28F}") = "time-module", "payroll-time-service\time-module.vbproj", "{AE6CB562-CECF-498D-9DF0-C8B3682C1D55}"
EndProject
Project("{2150E333-8FDC-42A3-9474-1A3956D46DE8}") = "CORE", "CORE", "{1340856D-75D8-4F4D-912C-7F8DF6D63B6F}"
EndProject
Project("{2150E333-8FDC-42A3-9474-1A3956D46DE8}") = "NEW Accounting Program(unfinished)", "NEW Accounting Program(unfinished)", "{B89EE4E9-4D72-4751-8D2E-E15B7F3E853E}"
EndProject
Project("{FAE04EC0-301F-11D3-BF4B-00C04F79EFBC}") = "employee-module", "employee-module\employee-module.csproj", "{225CDC1E-B603-4DF6-9DCB-8BFDB7A9E2F1}"
EndProject
Global
	GlobalSection(SolutionConfigurationPlatforms) = preSolution
		Debug|Any CPU = Debug|Any CPU
		Release|Any CPU = Release|Any CPU
	EndGlobalSection
	GlobalSection(ProjectConfigurationPlatforms) = postSolution
		{AA21CE4A-FBDA-4826-9397-4310EF537632}.Debug|Any CPU.ActiveCfg = Debug|Any CPU
		{AA21CE4A-FBDA-4826-9397-4310EF537632}.Debug|Any CPU.Build.0 = Debug|Any CPU
		{AA21CE4A-FBDA-4826-9397-4310EF537632}.Release|Any CPU.ActiveCfg = Release|Any CPU
		{AA21CE4A-FBDA-4826-9397-4310EF537632}.Release|Any CPU.Build.0 = Release|Any CPU
		{A37580DD-B1E1-4502-8CE9-9507F6BB096F}.Debug|Any CPU.ActiveCfg = Debug|Any CPU
		{A37580DD-B1E1-4502-8CE9-9507F6BB096F}.Debug|Any CPU.Build.0 = Debug|Any CPU
		{A37580DD-B1E1-4502-8CE9-9507F6BB096F}.Release|Any CPU.ActiveCfg = Release|Any CPU
		{A37580DD-B1E1-4502-8CE9-9507F6BB096F}.Release|Any CPU.Build.0 = Release|Any CPU
		{2989E38C-BE14-4333-94B2-1E8A8F239B27}.Debug|Any CPU.ActiveCfg = Debug|Any CPU
		{2989E38C-BE14-4333-94B2-1E8A8F239B27}.Debug|Any CPU.Build.0 = Debug|Any CPU
		{2989E38C-BE14-4333-94B2-1E8A8F239B27}.Release|Any CPU.ActiveCfg = Release|Any CPU
		{2989E38C-BE14-4333-94B2-1E8A8F239B27}.Release|Any CPU.Build.0 = Release|Any CPU
		{86475A1F-EC3C-483F-A2EF-4B47C37FE94B}.Debug|Any CPU.ActiveCfg = Debug|Any CPU
		{86475A1F-EC3C-483F-A2EF-4B47C37FE94B}.Debug|Any CPU.Build.0 = Debug|Any CPU
		{86475A1F-EC3C-483F-A2EF-4B47C37FE94B}.Release|Any CPU.ActiveCfg = Release|Any CPU
		{86475A1F-EC3C-483F-A2EF-4B47C37FE94B}.Release|Any CPU.Build.0 = Release|Any CPU
		{54CF16AA-1273-4A14-9F02-BA2CA53D2153}.Debug|Any CPU.ActiveCfg = Debug|Any CPU
		{54CF16AA-1273-4A14-9F02-BA2CA53D2153}.Debug|Any CPU.Build.0 = Debug|Any CPU
		{54CF16AA-1273-4A14-9F02-BA2CA53D2153}.Release|Any CPU.ActiveCfg = Release|Any CPU
		{54CF16AA-1273-4A14-9F02-BA2CA53D2153}.Release|Any CPU.Build.0 = Release|Any CPU
		{F3D16904-61B6-47BA-9F13-1885636D7712}.Debug|Any CPU.ActiveCfg = Debug|Any CPU
		{F3D16904-61B6-47BA-9F13-1885636D7712}.Debug|Any CPU.Build.0 = Debug|Any CPU
		{F3D16904-61B6-47BA-9F13-1885636D7712}.Release|Any CPU.ActiveCfg = Release|Any CPU
		{F3D16904-61B6-47BA-9F13-1885636D7712}.Release|Any CPU.Build.0 = Release|Any CPU
		{2048200D-5C0B-4D76-B398-565C28D0A408}.Debug|Any CPU.ActiveCfg = Debug|Any CPU
		{2048200D-5C0B-4D76-B398-565C28D0A408}.Debug|Any CPU.Build.0 = Debug|Any CPU
		{2048200D-5C0B-4D76-B398-565C28D0A408}.Release|Any CPU.ActiveCfg = Release|Any CPU
		{2048200D-5C0B-4D76-B398-565C28D0A408}.Release|Any CPU.Build.0 = Release|Any CPU
		{D314D3F7-C0E4-4103-B768-E5B299CE14B7}.Debug|Any CPU.ActiveCfg = Debug|Any CPU
		{D314D3F7-C0E4-4103-B768-E5B299CE14B7}.Debug|Any CPU.Build.0 = Debug|Any CPU
		{D314D3F7-C0E4-4103-B768-E5B299CE14B7}.Release|Any CPU.ActiveCfg = Release|Any CPU
		{D314D3F7-C0E4-4103-B768-E5B299CE14B7}.Release|Any CPU.Build.0 = Release|Any CPU
		{AE6CB562-CECF-498D-9DF0-C8B3682C1D55}.Debug|Any CPU.ActiveCfg = Debug|Any CPU
		{AE6CB562-CECF-498D-9DF0-C8B3682C1D55}.Debug|Any CPU.Build.0 = Debug|Any CPU
		{AE6CB562-CECF-498D-9DF0-C8B3682C1D55}.Release|Any CPU.ActiveCfg = Release|Any CPU
		{AE6CB562-CECF-498D-9DF0-C8B3682C1D55}.Release|Any CPU.Build.0 = Release|Any CPU
		{225CDC1E-B603-4DF6-9DCB-8BFDB7A9E2F1}.Debug|Any CPU.ActiveCfg = Debug|Any CPU
		{225CDC1E-B603-4DF6-9DCB-8BFDB7A9E2F1}.Debug|Any CPU.Build.0 = Debug|Any CPU
		{225CDC1E-B603-4DF6-9DCB-8BFDB7A9E2F1}.Release|Any CPU.ActiveCfg = Release|Any CPU
		{225CDC1E-B603-4DF6-9DCB-8BFDB7A9E2F1}.Release|Any CPU.Build.0 = Release|Any CPU
	EndGlobalSection
	GlobalSection(SolutionProperties) = preSolution
		HideSolutionNode = FALSE
	EndGlobalSection
	GlobalSection(NestedProjects) = preSolution
		{2989E38C-BE14-4333-94B2-1E8A8F239B27} = {B89EE4E9-4D72-4751-8D2E-E15B7F3E853E}
		{86475A1F-EC3C-483F-A2EF-4B47C37FE94B} = {CA640038-DCAE-4F49-ADCC-776F9C36E978}
		{54CF16AA-1273-4A14-9F02-BA2CA53D2153} = {CA640038-DCAE-4F49-ADCC-776F9C36E978}
		{F3D16904-61B6-47BA-9F13-1885636D7712} = {1340856D-75D8-4F4D-912C-7F8DF6D63B6F}
		{2048200D-5C0B-4D76-B398-565C28D0A408} = {B89EE4E9-4D72-4751-8D2E-E15B7F3E853E}
		{D314D3F7-C0E4-4103-B768-E5B299CE14B7} = {1340856D-75D8-4F4D-912C-7F8DF6D63B6F}
	EndGlobalSection
	GlobalSection(ExtensibilityGlobals) = postSolution
		SolutionGuid = {30B7A5AB-E0B0-47D2-95C8-A2E92E447DDB}
	EndGlobalSection
EndGlobal
